{
  "meteor": {
    "git": "https://github.com/meteor/meteor.git",
    "branch": "master",
    "commit": "067113a37dd4e7824db1a16d5f7a90c3739eed9c"
  },
  "dependencies": {
    "basePackages": {
      "stylus-mixin": {}
    },
    "packages": {
      "stylus-mixin": {
        "git": "https://github.com/Charuru/stylus-mixin.git",
        "tag": "v1.1.0",
        "commit": "30483b684d044c09209882ed49fa4a9907300fcf"
      }
    }
  }
}
